
Microsoft Visual Studio Solution File, Format Version 12.00
# Visual Studio Version 16
VisualStudioVersion = 16.0.29123.88
MinimumVisualStudioVersion = 10.0.40219.1
Project("{FAE04EC0-301F-11D3-BF4B-00C04F79EFBC}") = "Opgave 5", "Opgave 5\Opgave 5.csproj", "{3D6E7903-4033-4FB8-B209-28DDF7C1FE8F}"
EndProject
Global
	GlobalSection(SolutionConfigurationPlatforms) = preSolution
		Debug|Any CPU = Debug|Any CPU
		Release|Any CPU = Release|Any CPU
	EndGlobalSection
	GlobalSection(ProjectConfigurationPlatforms) = postSolution
		{3D6E7903-4033-4FB8-B209-28DDF7C1FE8F}.Debug|Any CPU.ActiveCfg = Debug|Any CPU
		{3D6E7903-4033-4FB8-B209-28DDF7C1FE8F}.Debug|Any CPU.Build.0 = Debug|Any CPU
		{3D6E7903-4033-4FB8-B209-28DDF7C1FE8F}.Release|Any CPU.ActiveCfg = Release|Any CPU
		{3D6E7903-4033-4FB8-B209-28DDF7C1FE8F}.Release|Any CPU.Build.0 = Release|Any CPU
	EndGlobalSection
	GlobalSection(SolutionProperties) = preSolution
		HideSolutionNode = FALSE
	EndGlobalSection
	GlobalSection(ExtensibilityGlobals) = postSolution
		SolutionGuid = {F40DFC04-5377-4C21-B6C8-E911E962A219}
	EndGlobalSection
EndGlobal
